
Microsoft Visual Studio Solution File, Format Version 12.00
# Visual Studio Version 17
VisualStudioVersion = 17.5.33424.131
MinimumVisualStudioVersion = 10.0.40219.1
Project("{FAE04EC0-301F-11D3-BF4B-00C04F79EFBC}") = "DiamanteApp", "DiamanteApp.csproj", "{7FD45020-1293-4EFD-99D6-64734ED4FAE0}"
EndProject
Global
	GlobalSection(SolutionConfigurationPlatforms) = preSolution
		Debug|Any CPU = Debug|Any CPU
		Release|Any CPU = Release|Any CPU
	EndGlobalSection
	GlobalSection(ProjectConfigurationPlatforms) = postSolution
		{7FD45020-1293-4EFD-99D6-64734ED4FAE0}.Debug|Any CPU.ActiveCfg = Debug|Any CPU
		{7FD45020-1293-4EFD-99D6-64734ED4FAE0}.Debug|Any CPU.Build.0 = Debug|Any CPU
		{7FD45020-1293-4EFD-99D6-64734ED4FAE0}.Release|Any CPU.ActiveCfg = Release|Any CPU
		{7FD45020-1293-4EFD-99D6-64734ED4FAE0}.Release|Any CPU.Build.0 = Release|Any CPU
	EndGlobalSection
	GlobalSection(SolutionProperties) = preSolution
		HideSolutionNode = FALSE
	EndGlobalSection
	GlobalSection(ExtensibilityGlobals) = postSolution
		SolutionGuid = {C238C733-60C3-4CD9-A402-7C718BE85DFE}
	EndGlobalSection
EndGlobal
